
Microsoft Visual Studio Solution File, Format Version 12.00
# Visual Studio Version 16
VisualStudioVersion = 16.0.31105.61
MinimumVisualStudioVersion = 10.0.40219.1
Project("{9A19103F-16F7-4668-BE54-9A1E7A4F7556}") = "Jellyfin.Plugin.TmdbAdult", "Jellyfin.Plugin.Tmdb\Jellyfin.Plugin.TmdbAdult.csproj", "{82391AC2-753F-4A95-966A-6C10DD7E85BE}"
EndProject
Global
	GlobalSection(SolutionConfigurationPlatforms) = preSolution
		Debug|Any CPU = Debug|Any CPU
		Release|Any CPU = Release|Any CPU
	EndGlobalSection
	GlobalSection(ProjectConfigurationPlatforms) = postSolution
		{82391AC2-753F-4A95-966A-6C10DD7E85BE}.Debug|Any CPU.ActiveCfg = Debug|Any CPU
		{82391AC2-753F-4A95-966A-6C10DD7E85BE}.Debug|Any CPU.Build.0 = Debug|Any CPU
		{82391AC2-753F-4A95-966A-6C10DD7E85BE}.Release|Any CPU.ActiveCfg = Release|Any CPU
		{82391AC2-753F-4A95-966A-6C10DD7E85BE}.Release|Any CPU.Build.0 = Release|Any CPU
	EndGlobalSection
	GlobalSection(SolutionProperties) = preSolution
		HideSolutionNode = FALSE
	EndGlobalSection
	GlobalSection(ExtensibilityGlobals) = postSolution
		SolutionGuid = {99750FBD-44F2-4630-B8A9-ED9D71D69683}
	EndGlobalSection
EndGlobal
